
Microsoft Visual Studio Solution File, Format Version 12.00
# Visual Studio Version 16
VisualStudioVersion = 16.0.30804.86
MinimumVisualStudioVersion = 10.0.40219.1
Project("{9A19103F-16F7-4668-BE54-9A1E7A4F7556}") = "WebApp1", "WebApp1\WebApp1.csproj", "{D76DDFCA-AB76-44CC-B69C-5AC4482C885F}"
EndProject
Project("{9A19103F-16F7-4668-BE54-9A1E7A4F7556}") = "WebApp2", "WebApp2\WebApp2.csproj", "{58B68DE2-B200-4180-8396-86FEF515CB67}"
EndProject
Project("{9A19103F-16F7-4668-BE54-9A1E7A4F7556}") = "WebApp3", "WebApp3\WebApp3.csproj", "{BCD3FABB-B9F2-4A4A-BDB9-9E8974C7FB6E}"
EndProject
Project("{2150E333-8FDC-42A3-9474-1A3956D46DE8}") = "Identity", "Identity", "{CB4686F8-EC76-4917-923C-E3A29B5E4BD3}"
EndProject
Project("{9A19103F-16F7-4668-BE54-9A1E7A4F7556}") = "AspNetCoreIdentity-1", "identity\AspNetCoreIdentity-1\AspNetCoreIdentity-1.csproj", "{6C7D21B0-74BA-4732-A877-C78966998AF8}"
EndProject
Project("{9A19103F-16F7-4668-BE54-9A1E7A4F7556}") = "AspNetCoreIdentity-2", "identity\AspNetCoreIdentity-2\AspNetCoreIdentity-2.csproj", "{3E6EF541-5D13-42F5-A50C-7CF4CDC2358F}"
EndProject
Project("{9A19103F-16F7-4668-BE54-9A1E7A4F7556}") = "AspNetCoreIdentity-3", "identity\AspNetCoreIdentity-3\AspNetCoreIdentity-3.csproj", "{67C89B24-1091-4334-9F04-0720520F1F84}"
EndProject
Project("{2150E333-8FDC-42A3-9474-1A3956D46DE8}") = "Identityserver4", "Identityserver4", "{FF7A046D-F803-49C4-8E23-3CA654C6DE9D}"
EndProject
Project("{9A19103F-16F7-4668-BE54-9A1E7A4F7556}") = "AspNetCoreIdentity-4", "identity\IdentityServer4\AspNetCoreIdentity-4\AspNetCoreIdentity-4.csproj", "{9D4B632A-C109-4BCE-95E6-4D70B7579D84}"
EndProject
Project("{9A19103F-16F7-4668-BE54-9A1E7A4F7556}") = "IdentityServer", "identity\IdentityServer4\IdentityServer\IdentityServer.csproj", "{13211568-4AA8-4335-A589-44E1ABB3065B}"
EndProject
Project("{FAE04EC0-301F-11D3-BF4B-00C04F79EFBC}") = "SocialNetwork.API", "identity\IdentityServer4\SocialNetwork.API\SocialNetwork.API.csproj", "{E61B9C51-36E2-4AA9-B41E-3392D7205439}"
EndProject
Global
	GlobalSection(SolutionConfigurationPlatforms) = preSolution
		Debug|Any CPU = Debug|Any CPU
		Release|Any CPU = Release|Any CPU
	EndGlobalSection
	GlobalSection(ProjectConfigurationPlatforms) = postSolution
		{D76DDFCA-AB76-44CC-B69C-5AC4482C885F}.Debug|Any CPU.ActiveCfg = Debug|Any CPU
		{D76DDFCA-AB76-44CC-B69C-5AC4482C885F}.Debug|Any CPU.Build.0 = Debug|Any CPU
		{D76DDFCA-AB76-44CC-B69C-5AC4482C885F}.Release|Any CPU.ActiveCfg = Release|Any CPU
		{D76DDFCA-AB76-44CC-B69C-5AC4482C885F}.Release|Any CPU.Build.0 = Release|Any CPU
		{58B68DE2-B200-4180-8396-86FEF515CB67}.Debug|Any CPU.ActiveCfg = Debug|Any CPU
		{58B68DE2-B200-4180-8396-86FEF515CB67}.Debug|Any CPU.Build.0 = Debug|Any CPU
		{58B68DE2-B200-4180-8396-86FEF515CB67}.Release|Any CPU.ActiveCfg = Release|Any CPU
		{58B68DE2-B200-4180-8396-86FEF515CB67}.Release|Any CPU.Build.0 = Release|Any CPU
		{BCD3FABB-B9F2-4A4A-BDB9-9E8974C7FB6E}.Debug|Any CPU.ActiveCfg = Debug|Any CPU
		{BCD3FABB-B9F2-4A4A-BDB9-9E8974C7FB6E}.Debug|Any CPU.Build.0 = Debug|Any CPU
		{BCD3FABB-B9F2-4A4A-BDB9-9E8974C7FB6E}.Release|Any CPU.ActiveCfg = Release|Any CPU
		{BCD3FABB-B9F2-4A4A-BDB9-9E8974C7FB6E}.Release|Any CPU.Build.0 = Release|Any CPU
		{6C7D21B0-74BA-4732-A877-C78966998AF8}.Debug|Any CPU.ActiveCfg = Debug|Any CPU
		{6C7D21B0-74BA-4732-A877-C78966998AF8}.Debug|Any CPU.Build.0 = Debug|Any CPU
		{6C7D21B0-74BA-4732-A877-C78966998AF8}.Release|Any CPU.ActiveCfg = Release|Any CPU
		{6C7D21B0-74BA-4732-A877-C78966998AF8}.Release|Any CPU.Build.0 = Release|Any CPU
		{3E6EF541-5D13-42F5-A50C-7CF4CDC2358F}.Debug|Any CPU.ActiveCfg = Debug|Any CPU
		{3E6EF541-5D13-42F5-A50C-7CF4CDC2358F}.Debug|Any CPU.Build.0 = Debug|Any CPU
		{3E6EF541-5D13-42F5-A50C-7CF4CDC2358F}.Release|Any CPU.ActiveCfg = Release|Any CPU
		{3E6EF541-5D13-42F5-A50C-7CF4CDC2358F}.Release|Any CPU.Build.0 = Release|Any CPU
		{67C89B24-1091-4334-9F04-0720520F1F84}.Debug|Any CPU.ActiveCfg = Debug|Any CPU
		{67C89B24-1091-4334-9F04-0720520F1F84}.Debug|Any CPU.Build.0 = Debug|Any CPU
		{67C89B24-1091-4334-9F04-0720520F1F84}.Release|Any CPU.ActiveCfg = Release|Any CPU
		{67C89B24-1091-4334-9F04-0720520F1F84}.Release|Any CPU.Build.0 = Release|Any CPU
		{9D4B632A-C109-4BCE-95E6-4D70B7579D84}.Debug|Any CPU.ActiveCfg = Debug|Any CPU
		{9D4B632A-C109-4BCE-95E6-4D70B7579D84}.Debug|Any CPU.Build.0 = Debug|Any CPU
		{9D4B632A-C109-4BCE-95E6-4D70B7579D84}.Release|Any CPU.ActiveCfg = Release|Any CPU
		{9D4B632A-C109-4BCE-95E6-4D70B7579D84}.Release|Any CPU.Build.0 = Release|Any CPU
		{13211568-4AA8-4335-A589-44E1ABB3065B}.Debug|Any CPU.ActiveCfg = Debug|Any CPU
		{13211568-4AA8-4335-A589-44E1ABB3065B}.Debug|Any CPU.Build.0 = Debug|Any CPU
		{13211568-4AA8-4335-A589-44E1ABB3065B}.Release|Any CPU.ActiveCfg = Release|Any CPU
		{13211568-4AA8-4335-A589-44E1ABB3065B}.Release|Any CPU.Build.0 = Release|Any CPU
		{E61B9C51-36E2-4AA9-B41E-3392D7205439}.Debug|Any CPU.ActiveCfg = Debug|Any CPU
		{E61B9C51-36E2-4AA9-B41E-3392D7205439}.Debug|Any CPU.Build.0 = Debug|Any CPU
		{E61B9C51-36E2-4AA9-B41E-3392D7205439}.Release|Any CPU.ActiveCfg = Release|Any CPU
		{E61B9C51-36E2-4AA9-B41E-3392D7205439}.Release|Any CPU.Build.0 = Release|Any CPU
	EndGlobalSection
	GlobalSection(SolutionProperties) = preSolution
		HideSolutionNode = FALSE
	EndGlobalSection
	GlobalSection(NestedProjects) = preSolution
		{6C7D21B0-74BA-4732-A877-C78966998AF8} = {CB4686F8-EC76-4917-923C-E3A29B5E4BD3}
		{3E6EF541-5D13-42F5-A50C-7CF4CDC2358F} = {CB4686F8-EC76-4917-923C-E3A29B5E4BD3}
		{67C89B24-1091-4334-9F04-0720520F1F84} = {CB4686F8-EC76-4917-923C-E3A29B5E4BD3}
		{FF7A046D-F803-49C4-8E23-3CA654C6DE9D} = {CB4686F8-EC76-4917-923C-E3A29B5E4BD3}
		{9D4B632A-C109-4BCE-95E6-4D70B7579D84} = {FF7A046D-F803-49C4-8E23-3CA654C6DE9D}
		{13211568-4AA8-4335-A589-44E1ABB3065B} = {FF7A046D-F803-49C4-8E23-3CA654C6DE9D}
		{E61B9C51-36E2-4AA9-B41E-3392D7205439} = {FF7A046D-F803-49C4-8E23-3CA654C6DE9D}
	EndGlobalSection
	GlobalSection(ExtensibilityGlobals) = postSolution
		SolutionGuid = {143FCCAE-888B-4F45-BE3A-B82EC5F8544A}
	EndGlobalSection
EndGlobal
