
Microsoft Visual Studio Solution File, Format Version 12.00
# Visual Studio Version 16
VisualStudioVersion = 16.0.30804.86
MinimumVisualStudioVersion = 10.0.40219.1
Project("{9A19103F-16F7-4668-BE54-9A1E7A4F7556}") = "01.ClaimsTransformation", "ClaimsTransformation\01.ClaimsTransformation.csproj", "{F61CCD9B-D66A-41B7-BF14-26F6C9D99D0E}"
EndProject
Project("{9A19103F-16F7-4668-BE54-9A1E7A4F7556}") = "02.Cookies", "Cookies\02.Cookies.csproj", "{A62AA50C-88FC-4725-B85B-7A9C9481CDF8}"
EndProject
Project("{9A19103F-16F7-4668-BE54-9A1E7A4F7556}") = "03-2.CustomPolicyProvider", "CustomPolicyProvider\03-2.CustomPolicyProvider.csproj", "{442EC801-6093-4AC1-97E9-F4702968D957}"
EndProject
Global
	GlobalSection(SolutionConfigurationPlatforms) = preSolution
		Debug|Any CPU = Debug|Any CPU
		Release|Any CPU = Release|Any CPU
	EndGlobalSection
	GlobalSection(ProjectConfigurationPlatforms) = postSolution
		{F61CCD9B-D66A-41B7-BF14-26F6C9D99D0E}.Debug|Any CPU.ActiveCfg = Debug|Any CPU
		{F61CCD9B-D66A-41B7-BF14-26F6C9D99D0E}.Debug|Any CPU.Build.0 = Debug|Any CPU
		{F61CCD9B-D66A-41B7-BF14-26F6C9D99D0E}.Release|Any CPU.ActiveCfg = Release|Any CPU
		{F61CCD9B-D66A-41B7-BF14-26F6C9D99D0E}.Release|Any CPU.Build.0 = Release|Any CPU
		{A62AA50C-88FC-4725-B85B-7A9C9481CDF8}.Debug|Any CPU.ActiveCfg = Debug|Any CPU
		{A62AA50C-88FC-4725-B85B-7A9C9481CDF8}.Debug|Any CPU.Build.0 = Debug|Any CPU
		{A62AA50C-88FC-4725-B85B-7A9C9481CDF8}.Release|Any CPU.ActiveCfg = Release|Any CPU
		{A62AA50C-88FC-4725-B85B-7A9C9481CDF8}.Release|Any CPU.Build.0 = Release|Any CPU
		{442EC801-6093-4AC1-97E9-F4702968D957}.Debug|Any CPU.ActiveCfg = Debug|Any CPU
		{442EC801-6093-4AC1-97E9-F4702968D957}.Debug|Any CPU.Build.0 = Debug|Any CPU
		{442EC801-6093-4AC1-97E9-F4702968D957}.Release|Any CPU.ActiveCfg = Release|Any CPU
		{442EC801-6093-4AC1-97E9-F4702968D957}.Release|Any CPU.Build.0 = Release|Any CPU
	EndGlobalSection
	GlobalSection(SolutionProperties) = preSolution
		HideSolutionNode = FALSE
	EndGlobalSection
	GlobalSection(ExtensibilityGlobals) = postSolution
		SolutionGuid = {3AB3408A-1ABA-448E-A9C6-64452C10A95D}
	EndGlobalSection
EndGlobal
